
Microsoft Visual Studio Solution File, Format Version 12.00
# Visual Studio Version 17
VisualStudioVersion = 17.9.34728.123
MinimumVisualStudioVersion = 10.0.40219.1
Project("{FAE04EC0-301F-11D3-BF4B-00C04F79EFBC}") = "GitPractise", "GitPractise.csproj", "{C40504A7-C5D3-4EF7-8B56-1950A5CDCDC8}"
EndProject
Global
	GlobalSection(SolutionConfigurationPlatforms) = preSolution
		Debug|Any CPU = Debug|Any CPU
		Release|Any CPU = Release|Any CPU
	EndGlobalSection
	GlobalSection(ProjectConfigurationPlatforms) = postSolution
		{C40504A7-C5D3-4EF7-8B56-1950A5CDCDC8}.Debug|Any CPU.ActiveCfg = Debug|Any CPU
		{C40504A7-C5D3-4EF7-8B56-1950A5CDCDC8}.Debug|Any CPU.Build.0 = Debug|Any CPU
		{C40504A7-C5D3-4EF7-8B56-1950A5CDCDC8}.Release|Any CPU.ActiveCfg = Release|Any CPU
		{C40504A7-C5D3-4EF7-8B56-1950A5CDCDC8}.Release|Any CPU.Build.0 = Release|Any CPU
	EndGlobalSection
	GlobalSection(SolutionProperties) = preSolution
		HideSolutionNode = FALSE
	EndGlobalSection
	GlobalSection(ExtensibilityGlobals) = postSolution
		SolutionGuid = {A6D80541-11D3-47C7-B672-F2889EE0C977}
	EndGlobalSection
EndGlobal
